
Microsoft Visual Studio Solution File, Format Version 12.00
# Visual Studio Version 17
VisualStudioVersion = 17.13.35931.197
MinimumVisualStudioVersion = 10.0.40219.1
Project("{FAE04EC0-301F-11D3-BF4B-00C04F79EFBC}") = "SurniakYurii.RobotChallange", "SurniakYurii.RobotChallange.csproj", "{95E8D8DC-538B-4E6B-B3DD-D26B48250F06}"
EndProject
Project("{FAE04EC0-301F-11D3-BF4B-00C04F79EFBC}") = "SurniakYurii.RobotChallange.Test", "..\SurniakYurii.RobotChallange.Test\SurniakYurii.RobotChallange.Test.csproj", "{52471598-502A-43EC-B364-9E0D65FB08D9}"
EndProject
Global
	GlobalSection(SolutionConfigurationPlatforms) = preSolution
		Debug|Any CPU = Debug|Any CPU
		Release|Any CPU = Release|Any CPU
	EndGlobalSection
	GlobalSection(ProjectConfigurationPlatforms) = postSolution
		{95E8D8DC-538B-4E6B-B3DD-D26B48250F06}.Debug|Any CPU.ActiveCfg = Debug|Any CPU
		{95E8D8DC-538B-4E6B-B3DD-D26B48250F06}.Debug|Any CPU.Build.0 = Debug|Any CPU
		{95E8D8DC-538B-4E6B-B3DD-D26B48250F06}.Release|Any CPU.ActiveCfg = Release|Any CPU
		{95E8D8DC-538B-4E6B-B3DD-D26B48250F06}.Release|Any CPU.Build.0 = Release|Any CPU
		{52471598-502A-43EC-B364-9E0D65FB08D9}.Debug|Any CPU.ActiveCfg = Debug|Any CPU
		{52471598-502A-43EC-B364-9E0D65FB08D9}.Debug|Any CPU.Build.0 = Debug|Any CPU
		{52471598-502A-43EC-B364-9E0D65FB08D9}.Release|Any CPU.ActiveCfg = Release|Any CPU
		{52471598-502A-43EC-B364-9E0D65FB08D9}.Release|Any CPU.Build.0 = Release|Any CPU
	EndGlobalSection
	GlobalSection(SolutionProperties) = preSolution
		HideSolutionNode = FALSE
	EndGlobalSection
	GlobalSection(ExtensibilityGlobals) = postSolution
		SolutionGuid = {8FA0E926-8942-4A80-89C7-ECB445AD1203}
	EndGlobalSection
EndGlobal
